
Microsoft Visual Studio Solution File, Format Version 12.00
# Visual Studio Version 17
VisualStudioVersion = 17.13.35828.75 d17.13
MinimumVisualStudioVersion = 10.0.40219.1
Project("{FAE04EC0-301F-11D3-BF4B-00C04F79EFBC}") = "GradeCalculator", "GradeCalculator\GradeCalculator.csproj", "{98245AD1-B065-4245-A849-7C5175EB3C46}"
EndProject
Global
	GlobalSection(SolutionConfigurationPlatforms) = preSolution
		Debug|Any CPU = Debug|Any CPU
		Release|Any CPU = Release|Any CPU
	EndGlobalSection
	GlobalSection(ProjectConfigurationPlatforms) = postSolution
		{98245AD1-B065-4245-A849-7C5175EB3C46}.Debug|Any CPU.ActiveCfg = Debug|Any CPU
		{98245AD1-B065-4245-A849-7C5175EB3C46}.Debug|Any CPU.Build.0 = Debug|Any CPU
		{98245AD1-B065-4245-A849-7C5175EB3C46}.Release|Any CPU.ActiveCfg = Release|Any CPU
		{98245AD1-B065-4245-A849-7C5175EB3C46}.Release|Any CPU.Build.0 = Release|Any CPU
	EndGlobalSection
	GlobalSection(SolutionProperties) = preSolution
		HideSolutionNode = FALSE
	EndGlobalSection
	GlobalSection(ExtensibilityGlobals) = postSolution
		SolutionGuid = {6164B88E-6575-4A52-B0F5-82AD2EB6F006}
	EndGlobalSection
EndGlobal
